// !$*UTF8*$!
{
	archiveVersion = 1;
	classes = {
	};
	objectVersion = 52;
	objects = {

/* Begin PBXBuildFile section */
		3134526624741280002F8DC3 /* AppDelegate.swift in Sources */ = {isa = PBXBuildFile; fileRef = 3134526524741280002F8DC3 /* AppDelegate.swift */; };
		3134526824741280002F8DC3 /* SceneDelegate.swift in Sources */ = {isa = PBXBuildFile; fileRef = 3134526724741280002F8DC3 /* SceneDelegate.swift */; };
		3134526A24741280002F8DC3 /* ViewController.swift in Sources */ = {isa = PBXBuildFile; fileRef = 3134526924741280002F8DC3 /* ViewController.swift */; };
		3134526D24741280002F8DC3 /* Main.storyboard in Resources */ = {isa = PBXBuildFile; fileRef = 3134526B24741280002F8DC3 /* Main.storyboard */; };
		3134526F24741283002F8DC3 /* Assets.xcassets in Resources */ = {isa = PBXBuildFile; fileRef = 3134526E24741283002F8DC3 /* Assets.xcassets */; };
		3134527224741283002F8DC3 /* LaunchScreen.storyboard in Resources */ = {isa = PBXBuildFile; fileRef = 3134527024741283002F8DC3 /* LaunchScreen.storyboard */; };
		3134527A247412B4002F8DC3 /* RecordAudioViewController.swift in Sources */ = {isa = PBXBuildFile; fileRef = 31345279247412B4002F8DC3 /* RecordAudioViewController.swift */; };
		3134527D247414EE002F8DC3 /* SnapKit in Frameworks */ = {isa = PBXBuildFile; productRef = 3134527C247414EE002F8DC3 /* SnapKit */; };
/* End PBXBuildFile section */

/* Begin PBXFileReference section */
		3134526224741280002F8DC3 /* TestAudioRec.app */ = {isa = PBXFileReference; explicitFileType = wrapper.application; includeInIndex = 0; path = TestAudioRec.app; sourceTree = BUILT_PRODUCTS_DIR; };
		3134526524741280002F8DC3 /* AppDelegate.swift */ = {isa = PBXFileReference; lastKnownFileType = sourcecode.swift; path = AppDelegate.swift; sourceTree = "<group>"; };
		3134526724741280002F8DC3 /* SceneDelegate.swift */ = {isa = PBXFileReference; lastKnownFileType = sourcecode.swift; path = SceneDelegate.swift; sourceTree = "<group>"; };
		3134526924741280002F8DC3 /* ViewController.swift */ = {isa = PBXFileReference; lastKnownFileType = sourcecode.swift; path = ViewController.swift; sourceTree = "<group>"; };
		3134526C24741280002F8DC3 /* Base */ = {isa = PBXFileReference; lastKnownFileType = file.storyboard; name = Base; path = Base.lproj/Main.storyboard; sourceTree = "<group>"; };
		3134526E24741283002F8DC3 /* Assets.xcassets */ = {isa = PBXFileReference; lastKnownFileType = folder.assetcatalog; path = Assets.xcassets; sourceTree = "<group>"; };
		3134527124741283002F8DC3 /* Base */ = {isa = PBXFileReference; lastKnownFileType = file.storyboard; name = Base; path = Base.lproj/LaunchScreen.storyboard; sourceTree = "<group>"; };
		3134527324741283002F8DC3 /* Info.plist */ = {isa = PBXFileReference; lastKnownFileType = text.plist.xml; path = Info.plist; sourceTree = "<group>"; };
		31345279247412B4002F8DC3 /* RecordAudioViewController.swift */ = {isa = PBXFileReference; lastKnownFileType = sourcecode.swift; path = RecordAudioViewController.swift; sourceTree = "<group>"; };
/* End PBXFileReference section */

/* Begin PBXFrameworksBuildPhase section */
		3134525F24741280002F8DC3 /* Frameworks */ = {
			isa = PBXFrameworksBuildPhase;
			buildActionMask = 2147483647;
			files = (
				3134527D247414EE002F8DC3 /* SnapKit in Frameworks */,
			);
			runOnlyForDeploymentPostprocessing = 0;
		};
/* End PBXFrameworksBuildPhase section */

/* Begin PBXGroup section */
		3134525924741280002F8DC3 = {
			isa = PBXGroup;
			children = (
				3134526424741280002F8DC3 /* TestAudioRec */,
				3134526324741280002F8DC3 /* Products */,
			);
			sourceTree = "<group>";
		};
		3134526324741280002F8DC3 /* Products */ = {
			isa = PBXGroup;
			children = (
				3134526224741280002F8DC3 /* TestAudioRec.app */,
			);
			name = Products;
			sourceTree = "<group>";
		};
		3134526424741280002F8DC3 /* TestAudioRec */ = {
			isa = PBXGroup;
			children = (
				3134526524741280002F8DC3 /* AppDelegate.swift */,
				3134526724741280002F8DC3 /* SceneDelegate.swift */,
				3134526924741280002F8DC3 /* ViewController.swift */,
				3134526B24741280002F8DC3 /* Main.storyboard */,
				3134526E24741283002F8DC3 /* Assets.xcassets */,
				3134527024741283002F8DC3 /* LaunchScreen.storyboard */,
				3134527324741283002F8DC3 /* Info.plist */,
				31345279247412B4002F8DC3 /* RecordAudioViewController.swift */,
			);
			path = TestAudioRec;
			sourceTree = "<group>";
		};
/* End PBXGroup section */

/* Begin PBXNativeTarget section */
		3134526124741280002F8DC3 /* TestAudioRec */ = {
			isa = PBXNativeTarget;
			buildConfigurationList = 3134527624741283002F8DC3 /* Build configuration list for PBXNativeTarget "TestAudioRec" */;
			buildPhases = (
				3134525E24741280002F8DC3 /* Sources */,
				3134525F24741280002F8DC3 /* Frameworks */,
				3134526024741280002F8DC3 /* Resources */,
			);
			buildRules = (
			);
			dependencies = (
			);
			name = TestAudioRec;
			packageProductDependencies = (
				3134527C247414EE002F8DC3 /* SnapKit */,
			);
			productName = TestAudioRec;
			productReference = 3134526224741280002F8DC3 /* TestAudioRec.app */;
			productType = "com.apple.product-type.application";
		};
/* End PBXNativeTarget section */

/* Begin PBXProject section */
		3134525A24741280002F8DC3 /* Project object */ = {
			isa = PBXProject;
			attributes = {
				LastSwiftUpdateCheck = 1140;
				LastUpgradeCheck = 1140;
				ORGANIZATIONNAME = ITV/Axxonsoft;
				TargetAttributes = {
					3134526124741280002F8DC3 = {
						CreatedOnToolsVersion = 11.4;
					};
				};
			};
			buildConfigurationList = 3134525D24741280002F8DC3 /* Build configuration list for PBXProject "TestAudioRec" */;
			compatibilityVersion = "Xcode 9.3";
			developmentRegion = en;
			hasScannedForEncodings = 0;
			knownRegions = (
				en,
				Base,
			);
			mainGroup = 3134525924741280002F8DC3;
			packageReferences = (
				3134527B247414EE002F8DC3 /* XCRemoteSwiftPackageReference "snapkit" */,
			);
			productRefGroup = 3134526324741280002F8DC3 /* Products */;
			projectDirPath = "";
			projectRoot = "";
			targets = (
				3134526124741280002F8DC3 /* TestAudioRec */,
			);
		};
/* End PBXProject section */

/* Begin PBXResourcesBuildPhase section */
		3134526024741280002F8DC3 /* Resources */ = {
			isa = PBXResourcesBuildPhase;
			buildActionMask = 2147483647;
			files = (
				3134527224741283002F8DC3 /* LaunchScreen.storyboard in Resources */,
				3134526F24741283002F8DC3 /* Assets.xcassets in Resources */,
				3134526D24741280002F8DC3 /* Main.storyboard in Resources */,
			);
			runOnlyForDeploymentPostprocessing = 0;
		};
/* End PBXResourcesBuildPhase section */

/* Begin PBXSourcesBuildPhase section */
		3134525E24741280002F8DC3 /* Sources */ = {
			isa = PBXSourcesBuildPhase;
			buildActionMask = 2147483647;
			files = (
				3134526A24741280002F8DC3 /* ViewController.swift in Sources */,
				3134526624741280002F8DC3 /* AppDelegate.swift in Sources */,
				3134527A247412B4002F8DC3 /* RecordAudioViewController.swift in Sources */,
				3134526824741280002F8DC3 /* SceneDelegate.swift in Sources */,
			);
			runOnlyForDeploymentPostprocessing = 0;
		};
/* End PBXSourcesBuildPhase section */

/* Begin PBXVariantGroup section */
		3134526B24741280002F8DC3 /* Main.storyboard */ = {
			isa = PBXVariantGroup;
			children = (
				3134526C24741280002F8DC3 /* Base */,
			);
			name = Main.storyboard;
			sourceTree = "<group>";
		};
		3134527024741283002F8DC3 /* LaunchScreen.storyboard */ = {
			isa = PBXVariantGroup;
			children = (
				3134527124741283002F8DC3 /* Base */,
			);
			name = LaunchScreen.storyboard;
			sourceTree = "<group>";
		};
/* End PBXVariantGroup section */

/* Begin XCBuildConfiguration section */
		3134527424741283002F8DC3 /* Debug */ = {
			isa = XCBuildConfiguration;
			buildSettings = {
				ALWAYS_SEARCH_USER_PATHS = NO;
				CLANG_ANALYZER_NONNULL = YES;
				CLANG_ANALYZER_NUMBER_OBJECT_CONVERSION = YES_AGGRESSIVE;
				CLANG_CXX_LANGUAGE_STANDARD = "gnu++14";
				CLANG_CXX_LIBRARY = "libc++";
				CLANG_ENABLE_MODULES = YES;
				CLANG_ENABLE_OBJC_ARC = YES;
				CLANG_ENABLE_OBJC_WEAK = YES;
				CLANG_WARN_BLOCK_CAPTURE_AUTORELEASING = YES;
				CLANG_WARN_BOOL_CONVERSION = YES;
				CLANG_WARN_COMMA = YES;
				CLANG_WARN_CONSTANT_CONVERSION = YES;
				CLANG_WARN_DEPRECATED_OBJC_IMPLEMENTATIONS = YES;
				CLANG_WARN_DIRECT_OBJC_ISA_USAGE = YES_ERROR;
				CLANG_WARN_DOCUMENTATION_COMMENTS = YES;
				CLANG_WARN_EMPTY_BODY = YES;
				CLANG_WARN_ENUM_CONVERSION = YES;
				CLANG_WARN_INFINITE_RECURSION = YES;
				CLANG_WARN_INT_CONVERSION = YES;
				CLANG_WARN_NON_LITERAL_NULL_CONVERSION = YES;
				CLANG_WARN_OBJC_IMPLICIT_RETAIN_SELF = YES;
				CLANG_WARN_OBJC_LITERAL_CONVERSION = YES;
				CLANG_WARN_OBJC_ROOT_CLASS = YES_ERROR;
				CLANG_WARN_RANGE_LOOP_ANALYSIS = YES;
				CLANG_WARN_STRICT_PROTOTYPES = YES;
				CLANG_WARN_SUSPICIOUS_MOVE = YES;
				CLANG_WARN_UNGUARDED_AVAILABILITY = YES_AGGRESSIVE;
				CLANG_WARN_UNREACHABLE_CODE = YES;
				CLANG_WARN__DUPLICATE_METHOD_MATCH = YES;
				COPY_PHASE_STRIP = NO;
				DEBUG_INFORMATION_FORMAT = dwarf;
				ENABLE_STRICT_OBJC_MSGSEND = YES;
				ENABLE_TESTABILITY = YES;
				GCC_C_LANGUAGE_STANDARD = gnu11;
				GCC_DYNAMIC_NO_PIC = NO;
				GCC_NO_COMMON_BLOCKS = YES;
				GCC_OPTIMIZATION_LEVEL = 0;
				GCC_PREPROCESSOR_DEFINITIONS = (
					"DEBUG=1",
					"$(inherited)",
				);
				GCC_WARN_64_TO_32_BIT_CONVERSION = YES;
				GCC_WARN_ABOUT_RETURN_TYPE = YES_ERROR;
				GCC_WARN_UNDECLARED_SELECTOR = YES;
				GCC_WARN_UNINITIALIZED_AUTOS = YES_AGGRESSIVE;
				GCC_WARN_UNUSED_FUNCTION = YES;
				GCC_WARN_UNUSED_VARIABLE = YES;
				IPHONEOS_DEPLOYMENT_TARGET = 13.4;
				MTL_ENABLE_DEBUG_INFO = INCLUDE_SOURCE;
				MTL_FAST_MATH = YES;
				ONLY_ACTIVE_ARCH = YES;
				SDKROOT = iphoneos;
				SWIFT_ACTIVE_COMPILATION_CONDITIONS = DEBUG;
				SWIFT_OPTIMIZATION_LEVEL = "-Onone";
			};
			name = Debug;
		};
		3134527524741283002F8DC3 /* Release */ = {
			isa = XCBuildConfiguration;
			buildSettings = {
				ALWAYS_SEARCH_USER_PATHS = NO;
				CLANG_ANALYZER_NONNULL = YES;
				CLANG_ANALYZER_NUMBER_OBJECT_CONVERSION = YES_AGGRESSIVE;
				CLANG_CXX_LANGUAGE_STANDARD = "gnu++14";
				CLANG_CXX_LIBRARY = "libc++";
				CLANG_ENABLE_MODULES = YES;
				CLANG_ENABLE_OBJC_ARC = YES;
				CLANG_ENABLE_OBJC_WEAK = YES;
				CLANG_WARN_BLOCK_CAPTURE_AUTORELEASING = YES;
				CLANG_WARN_BOOL_CONVERSION = YES;
				CLANG_WARN_COMMA = YES;
				CLANG_WARN_CONSTANT_CONVERSION = YES;
				CLANG_WARN_DEPRECATED_OBJC_IMPLEMENTATIONS = YES;
				CLANG_WARN_DIRECT_OBJC_ISA_USAGE = YES_ERROR;
				CLANG_WARN_DOCUMENTATION_COMMENTS = YES;
				CLANG_WARN_EMPTY_BODY = YES;
				CLANG_WARN_ENUM_CONVERSION = YES;
				CLANG_WARN_INFINITE_RECURSION = YES;
				CLANG_WARN_INT_CONVERSION = YES;
				CLANG_WARN_NON_LITERAL_NULL_CONVERSION = YES;
				CLANG_WARN_OBJC_IMPLICIT_RETAIN_SELF = YES;
				CLANG_WARN_OBJC_LITERAL_CONVERSION = YES;
				CLANG_WARN_OBJC_ROOT_CLASS = YES_ERROR;
				CLANG_WARN_RANGE_LOOP_ANALYSIS = YES;
				CLANG_WARN_STRICT_PROTOTYPES = YES;
				CLANG_WARN_SUSPICIOUS_MOVE = YES;
				CLANG_WARN_UNGUARDED_AVAILABILITY = YES_AGGRESSIVE;
				CLANG_WARN_UNREACHABLE_CODE = YES;
				CLANG_WARN__DUPLICATE_METHOD_MATCH = YES;
				COPY_PHASE_STRIP = NO;
				DEBUG_INFORMATION_FORMAT = "dwarf-with-dsym";
				ENABLE_NS_ASSERTIONS = NO;
				ENABLE_STRICT_OBJC_MSGSEND = YES;
				GCC_C_LANGUAGE_STANDARD = gnu11;
				GCC_NO_COMMON_BLOCKS = YES;
				GCC_WARN_64_TO_32_BIT_CONVERSION = YES;
				GCC_WARN_ABOUT_RETURN_TYPE = YES_ERROR;
				GCC_WARN_UNDECLARED_SELECTOR = YES;
				GCC_WARN_UNINITIALIZED_AUTOS = YES_AGGRESSIVE;
				GCC_WARN_UNUSED_FUNCTION = YES;
				GCC_WARN_UNUSED_VARIABLE = YES;
				IPHONEOS_DEPLOYMENT_TARGET = 13.4;
				MTL_ENABLE_DEBUG_INFO = NO;
				MTL_FAST_MATH = YES;
				SDKROOT = iphoneos;
				SWIFT_COMPILATION_MODE = wholemodule;
				SWIFT_OPTIMIZATION_LEVEL = "-O";
				VALIDATE_PRODUCT = YES;
			};
			name = Release;
		};
		3134527724741283002F8DC3 /* Debug */ = {
			isa = XCBuildConfiguration;
			buildSettings = {
				ASSETCATALOG_COMPILER_APPICON_NAME = AppIcon;
				CODE_SIGN_STYLE = Automatic;
				DEVELOPMENT_TEAM = 52V86X2HKH;
				INFOPLIST_FILE = TestAudioRec/Info.plist;
				LD_RUNPATH_SEARCH_PATHS = (
					"$(inherited)",
					"@executable_path/Frameworks",
				);
				PRODUCT_BUNDLE_IDENTIFIER = com.github.avgx.TestAudioRec;
				PRODUCT_NAME = "$(TARGET_NAME)";
				SWIFT_VERSION = 5.0;
				TARGETED_DEVICE_FAMILY = "1,2";
			};
			name = Debug;
		};
		3134527824741283002F8DC3 /* Release */ = {
			isa = XCBuildConfiguration;
			buildSettings = {
				ASSETCATALOG_COMPILER_APPICON_NAME = AppIcon;
				CODE_SIGN_STYLE = Automatic;
				DEVELOPMENT_TEAM = 52V86X2HKH;
				INFOPLIST_FILE = TestAudioRec/Info.plist;
				LD_RUNPATH_SEARCH_PATHS = (
					"$(inherited)",
					"@executable_path/Frameworks",
				);
				PRODUCT_BUNDLE_IDENTIFIER = com.github.avgx.TestAudioRec;
				PRODUCT_NAME = "$(TARGET_NAME)";
				SWIFT_VERSION = 5.0;
				TARGETED_DEVICE_FAMILY = "1,2";
			};
			name = Release;
		};
/* End XCBuildConfiguration section */

/* Begin XCConfigurationList section */
		3134525D24741280002F8DC3 /* Build configuration list for PBXProject "TestAudioRec" */ = {
			isa = XCConfigurationList;
			buildConfigurations = (
				3134527424741283002F8DC3 /* Debug */,
				3134527524741283002F8DC3 /* Release */,
			);
			defaultConfigurationIsVisible = 0;
			defaultConfigurationName = Release;
		};
		3134527624741283002F8DC3 /* Build configuration list for PBXNativeTarget "TestAudioRec" */ = {
			isa = XCConfigurationList;
			buildConfigurations = (
				3134527724741283002F8DC3 /* Debug */,
				3134527824741283002F8DC3 /* Release */,
			);
			defaultConfigurationIsVisible = 0;
			defaultConfigurationName = Release;
		};
/* End XCConfigurationList section */

/* Begin XCRemoteSwiftPackageReference section */
		3134527B247414EE002F8DC3 /* XCRemoteSwiftPackageReference "snapkit" */ = {
			isa = XCRemoteSwiftPackageReference;
			repositoryURL = "https://github.com/Snapkit/snapkit";
			requirement = {
				kind = upToNextMajorVersion;
				minimumVersion = 5.0.1;
			};
		};
/* End XCRemoteSwiftPackageReference section */

/* Begin XCSwiftPackageProductDependency section */
		3134527C247414EE002F8DC3 /* SnapKit */ = {
			isa = XCSwiftPackageProductDependency;
			package = 3134527B247414EE002F8DC3 /* XCRemoteSwiftPackageReference "snapkit" */;
			productName = SnapKit;
		};
/* End XCSwiftPackageProductDependency section */
	};
	rootObject = 3134525A24741280002F8DC3 /* Project object */;
}
